{
    "name": "my-vscode-extension",
    "version": "0.0.1",
    "lockfileVersion": 3,
    "requires": true,
    "packages": {
        "": {
            "name": "my-vscode-extension",
            "version": "0.0.1",
            "dependencies": {
                "uuid": "^11.0.5"
            },
            "devDependencies": {
                "@types/vscode": "^1.75.0",
                "typescript": "^5.0.0"
            },
            "engines": {
                "vscode": "^1.75.0"
            }
        },
        "node_modules/@types/vscode": {
            "version": "1.96.0",
            "resolved": "https://registry.npmjs.org/@types/vscode/-/vscode-1.96.0.tgz",
            "integrity": "sha512-qvZbSZo+K4ZYmmDuaodMbAa67Pl6VDQzLKFka6rq+3WUTY4Kro7Bwoi0CuZLO/wema0ygcmpwow7zZfPJTs5jg==",
            "dev": true,
            "license": "MIT"
        },
        "node_modules/typescript": {
            "version": "5.7.3",
            "resolved": "https://registry.npmjs.org/typescript/-/typescript-5.7.3.tgz",
            "integrity": "sha512-84MVSjMEHP+FQRPy3pX9sTVV/INIex71s9TL2Gm5FG/WG1SqXeKyZ0k7/blY/4FdOzI12CBy1vGc4og/eus0fw==",
            "dev": true,
            "license": "Apache-2.0",
            "bin": {
                "tsc": "bin/tsc",
                "tsserver": "bin/tsserver"
            },
            "engines": {
                "node": ">=14.17"
            }
        },
        "node_modules/uuid": {
            "version": "11.0.5",
            "resolved": "https://registry.npmjs.org/uuid/-/uuid-11.0.5.tgz",
            "integrity": "sha512-508e6IcKLrhxKdBbcA2b4KQZlLVp2+J5UwQ6F7Drckkc5N9ZJwFa4TgWtsww9UG8fGHbm6gbV19TdM5pQ4GaIA==",
            "funding": [
                "https://github.com/sponsors/broofa",
                "https://github.com/sponsors/ctavan"
            ],
            "license": "MIT",
            "bin": {
                "uuid": "dist/esm/bin/uuid"
            }
        }
    }
}
